
Microsoft Visual Studio Solution File, Format Version 12.00
# Visual Studio Version 16
VisualStudioVersion = 16.0.31424.327
MinimumVisualStudioVersion = 10.0.40219.1
Project("{FAE04EC0-301F-11D3-BF4B-00C04F79EFBC}") = "MVC_Schoolsysteem", "MVC_Schoolsysteem\MVC_Schoolsysteem.csproj", "{2F57EC80-4E80-4491-9309-0B3FFD08881B}"
EndProject
Global
	GlobalSection(SolutionConfigurationPlatforms) = preSolution
		Debug|Any CPU = Debug|Any CPU
		Release|Any CPU = Release|Any CPU
	EndGlobalSection
	GlobalSection(ProjectConfigurationPlatforms) = postSolution
		{2F57EC80-4E80-4491-9309-0B3FFD08881B}.Debug|Any CPU.ActiveCfg = Debug|Any CPU
		{2F57EC80-4E80-4491-9309-0B3FFD08881B}.Debug|Any CPU.Build.0 = Debug|Any CPU
		{2F57EC80-4E80-4491-9309-0B3FFD08881B}.Release|Any CPU.ActiveCfg = Release|Any CPU
		{2F57EC80-4E80-4491-9309-0B3FFD08881B}.Release|Any CPU.Build.0 = Release|Any CPU
	EndGlobalSection
	GlobalSection(SolutionProperties) = preSolution
		HideSolutionNode = FALSE
	EndGlobalSection
	GlobalSection(ExtensibilityGlobals) = postSolution
		SolutionGuid = {6AF54F13-AC1C-47E7-A2DF-12085DF12797}
	EndGlobalSection
EndGlobal
